
Microsoft Visual Studio Solution File, Format Version 12.00
# Visual Studio 15
VisualStudioVersion = 15.0.27703.2035
MinimumVisualStudioVersion = 10.0.40219.1
Project("{2150E333-8FDC-42A3-9474-1A3956D46DE8}") = "1.Core", "1.Core", "{47ACC169-1BD0-4D04-B795-18089ACD070E}"
EndProject
Project("{9A19103F-16F7-4668-BE54-9A1E7A4F7556}") = "NanoFabric.Docimax.Core", "src\NanoFabric.Docimax.Core\NanoFabric.Docimax.Core.csproj", "{3AAB33E0-2A4E-4284-8BE3-CEF1B915C415}"
EndProject
Project("{9A19103F-16F7-4668-BE54-9A1E7A4F7556}") = "NanoFabric.Docimax.OrleansClient", "src\NanoFabric.Docimax.OrleansClient\NanoFabric.Docimax.OrleansClient.csproj", "{7DEC8F5E-409C-48A2-81E7-DBDA26E155CE}"
EndProject
Project("{2150E333-8FDC-42A3-9474-1A3956D46DE8}") = "3. Business Logic", "3. Business Logic", "{136A4CDF-B7F0-4A89-A07B-46802F4298EB}"
EndProject
Project("{2150E333-8FDC-42A3-9474-1A3956D46DE8}") = "2. Clients", "2. Clients", "{8A28160C-064D-47F6-8361-D8A5E5446A58}"
EndProject
Project("{2150E333-8FDC-42A3-9474-1A3956D46DE8}") = "4. SiloHost", "4. SiloHost", "{9AF21295-CC86-45B2-9668-3A33C535C21E}"
EndProject
Project("{9A19103F-16F7-4668-BE54-9A1E7A4F7556}") = "NanoFabric.Docimax.Grains.Contracts.Heroes", "src\NanoFabric.Docimax.Grains.Contracts.Heroes\NanoFabric.Docimax.Grains.Contracts.Heroes.csproj", "{B9ACBA0E-05B6-489B-B4CC-AD754BE98DE7}"
EndProject
Project("{9A19103F-16F7-4668-BE54-9A1E7A4F7556}") = "NanoFabric.Docimax.Grains.Heroes", "src\NanoFabric.Docimax.Grains.Heroes\NanoFabric.Docimax.Grains.Heroes.csproj", "{0B67CFBD-E63A-4ECC-9F9F-D7F3AD39BBBF}"
EndProject
Project("{9A19103F-16F7-4668-BE54-9A1E7A4F7556}") = "NanoFabric.Docimax.Heroes.Api", "src\NanoFabric.Docimax.Heroes.Api\NanoFabric.Docimax.Heroes.Api.csproj", "{5E6332DF-DCE5-461B-B91A-4F96E7F3FC5E}"
EndProject
Project("{9A19103F-16F7-4668-BE54-9A1E7A4F7556}") = "NanoFabric.Docimax.Heroes.Client", "src\NanoFabric.Docimax.Heroes.Client\NanoFabric.Docimax.Heroes.Client.csproj", "{8C961DE6-8041-4679-8F8D-217FFAC97C28}"
EndProject
Project("{9A19103F-16F7-4668-BE54-9A1E7A4F7556}") = "NanoFabric.Docimax.HttpGateway", "src\NanoFabric.Docimax.HttpGateway\NanoFabric.Docimax.HttpGateway.csproj", "{659712D6-A114-4CEA-9DD4-00F5C8B0B5D7}"
EndProject
Project("{9A19103F-16F7-4668-BE54-9A1E7A4F7556}") = "NanoFabric.Docimax.Heroes.SiloHost", "src\NanoFabric.Docimax.Heroes.SiloHost\NanoFabric.Docimax.Heroes.SiloHost.csproj", "{D2FD2789-4601-4924-8754-83AB390F3450}"
EndProject
Project("{9A19103F-16F7-4668-BE54-9A1E7A4F7556}") = "NanoFabric.Core", "src\NanoFabric.Core\NanoFabric.Core.csproj", "{1717E0C1-F26D-4586-9163-CD25CD2ED4F9}"
EndProject
Project("{9A19103F-16F7-4668-BE54-9A1E7A4F7556}") = "NanoFabric.AspNetCore", "src\NanoFabric.AspNetCore\NanoFabric.AspNetCore.csproj", "{3E53CFA9-DA45-4C7B-842E-21C528EC0F6B}"
EndProject
Project("{9A19103F-16F7-4668-BE54-9A1E7A4F7556}") = "NanoFabric.RegistryHost.ConsulRegistry", "src\NanoFabric.RegistryHost.ConsulRegistry\NanoFabric.RegistryHost.ConsulRegistry.csproj", "{030420F6-E04B-417D-9072-1657A9F88C0B}"
EndProject
Project("{2150E333-8FDC-42A3-9474-1A3956D46DE8}") = "5.Identity", "5.Identity", "{6953CEFE-C18D-4FAF-AE03-72A794CAD860}"
EndProject
Project("{9A19103F-16F7-4668-BE54-9A1E7A4F7556}") = "NanoFabric.Docimax.Identity", "src\NanoFabric.Docimax.Identity\NanoFabric.Docimax.Identity.csproj", "{68034119-C26E-4AC5-BAF4-E2512A888B29}"
EndProject
Project("{2150E333-8FDC-42A3-9474-1A3956D46DE8}") = "6.Web", "6.Web", "{BA8FD232-BAD9-4D1B-933E-D18680E7CE3C}"
EndProject
Project("{9A19103F-16F7-4668-BE54-9A1E7A4F7556}") = "NanoFabric.Docimax.Grains.Contracts.AccountManager", "src\NanoFabric.Docimax.Grains.Contracts.AccountManager\NanoFabric.Docimax.Grains.Contracts.AccountManager.csproj", "{19FC2F14-2429-47E2-9DDE-D66A854BE450}"
EndProject
Project("{9A19103F-16F7-4668-BE54-9A1E7A4F7556}") = "NanoFabric.Docimax.Grains.AccountManager", "src\NanoFabric.Docimax.Grains.AccountManager\NanoFabric.Docimax.Grains.AccountManager.csproj", "{4465C6EC-EF6C-462C-ACC3-5AF8E7CBEE73}"
EndProject
Project("{9A19103F-16F7-4668-BE54-9A1E7A4F7556}") = "NanoFabric.Docimax.AccountManager.SiloHost", "src\NanoFabric.Docimax.AccountManager.SiloHost\NanoFabric.Docimax.AccountManager.SiloHost.csproj", "{31892F21-9A75-49DE-B02D-8198903972CF}"
EndProject
Project("{9A19103F-16F7-4668-BE54-9A1E7A4F7556}") = "NanoFabric.Docimax.AspNetCore", "src\NanoFabric.Docimax.AspNetCore\NanoFabric.Docimax.AspNetCore.csproj", "{6440CEB4-54CB-4E45-B6BF-B1E1DFD5F917}"
EndProject
Project("{9A19103F-16F7-4668-BE54-9A1E7A4F7556}") = "NanoFabric.Docimax.Heroes", "src\NanoFabric.Docimax.Heroes\NanoFabric.Docimax.Heroes.csproj", "{5CEAC452-85BA-4DDF-8CC1-DDB9B59F9D8E}"
EndProject
Project("{9A19103F-16F7-4668-BE54-9A1E7A4F7556}") = "NanoFabric.Docimax.AccountManager", "src\NanoFabric.Docimax.AccountManager\NanoFabric.Docimax.AccountManager.csproj", "{63CE9FDE-2127-41F4-9AB7-B034C170EDA2}"
EndProject
Project("{9A19103F-16F7-4668-BE54-9A1E7A4F7556}") = "Ocelot.OrleansHttpGateway", "src\Ocelot.OrleansHttpGateway\Ocelot.OrleansHttpGateway.csproj", "{F66C40B6-FE62-4E40-A95A-7844227C8986}"
EndProject
Project("{9A19103F-16F7-4668-BE54-9A1E7A4F7556}") = "Orleans.Authentication", "src\Orleans.Authentication\Orleans.Authentication.csproj", "{20643B02-9BEA-4306-89FD-A44FC2994E9F}"
EndProject
Project("{9A19103F-16F7-4668-BE54-9A1E7A4F7556}") = "Orleans.Authorization", "src\Orleans.Authorization\Orleans.Authorization.csproj", "{641A3D6C-A569-4C0D-8B45-FA3F27A4D028}"
EndProject
Project("{9A19103F-16F7-4668-BE54-9A1E7A4F7556}") = "Orleans.Authentication.JwtBearer", "src\Orleans.Authentication.JwtBearer\Orleans.Authentication.JwtBearer.csproj", "{A6A6AEF8-E840-4C00-BDB6-D7935491A682}"
EndProject
Project("{9A19103F-16F7-4668-BE54-9A1E7A4F7556}") = "Orleans.Authentication.IdentityServer4", "src\Orleans.Authentication.IdentityServer4\Orleans.Authentication.IdentityServer4.csproj", "{13D26DAA-0563-482D-8DD6-1AD1CFD8075A}"
EndProject
Project("{FAE04EC0-301F-11D3-BF4B-00C04F79EFBC}") = "NanoFabric.Docimax.Tests", "src\NanoFabric.Docimax.Tests\NanoFabric.Docimax.Tests.csproj", "{B94327EA-7322-4BBF-9A08-70E26CB0B574}"
EndProject
Global
	GlobalSection(SolutionConfigurationPlatforms) = preSolution
		Debug|Any CPU = Debug|Any CPU
		Release|Any CPU = Release|Any CPU
	EndGlobalSection
	GlobalSection(ProjectConfigurationPlatforms) = postSolution
		{3AAB33E0-2A4E-4284-8BE3-CEF1B915C415}.Debug|Any CPU.ActiveCfg = Debug|Any CPU
		{3AAB33E0-2A4E-4284-8BE3-CEF1B915C415}.Debug|Any CPU.Build.0 = Debug|Any CPU
		{3AAB33E0-2A4E-4284-8BE3-CEF1B915C415}.Release|Any CPU.ActiveCfg = Release|Any CPU
		{3AAB33E0-2A4E-4284-8BE3-CEF1B915C415}.Release|Any CPU.Build.0 = Release|Any CPU
		{7DEC8F5E-409C-48A2-81E7-DBDA26E155CE}.Debug|Any CPU.ActiveCfg = Debug|Any CPU
		{7DEC8F5E-409C-48A2-81E7-DBDA26E155CE}.Debug|Any CPU.Build.0 = Debug|Any CPU
		{7DEC8F5E-409C-48A2-81E7-DBDA26E155CE}.Release|Any CPU.ActiveCfg = Release|Any CPU
		{7DEC8F5E-409C-48A2-81E7-DBDA26E155CE}.Release|Any CPU.Build.0 = Release|Any CPU
		{B9ACBA0E-05B6-489B-B4CC-AD754BE98DE7}.Debug|Any CPU.ActiveCfg = Debug|Any CPU
		{B9ACBA0E-05B6-489B-B4CC-AD754BE98DE7}.Debug|Any CPU.Build.0 = Debug|Any CPU
		{B9ACBA0E-05B6-489B-B4CC-AD754BE98DE7}.Release|Any CPU.ActiveCfg = Release|Any CPU
		{B9ACBA0E-05B6-489B-B4CC-AD754BE98DE7}.Release|Any CPU.Build.0 = Release|Any CPU
		{0B67CFBD-E63A-4ECC-9F9F-D7F3AD39BBBF}.Debug|Any CPU.ActiveCfg = Debug|Any CPU
		{0B67CFBD-E63A-4ECC-9F9F-D7F3AD39BBBF}.Debug|Any CPU.Build.0 = Debug|Any CPU
		{0B67CFBD-E63A-4ECC-9F9F-D7F3AD39BBBF}.Release|Any CPU.ActiveCfg = Release|Any CPU
		{0B67CFBD-E63A-4ECC-9F9F-D7F3AD39BBBF}.Release|Any CPU.Build.0 = Release|Any CPU
		{5E6332DF-DCE5-461B-B91A-4F96E7F3FC5E}.Debug|Any CPU.ActiveCfg = Debug|Any CPU
		{5E6332DF-DCE5-461B-B91A-4F96E7F3FC5E}.Debug|Any CPU.Build.0 = Debug|Any CPU
		{5E6332DF-DCE5-461B-B91A-4F96E7F3FC5E}.Release|Any CPU.ActiveCfg = Release|Any CPU
		{5E6332DF-DCE5-461B-B91A-4F96E7F3FC5E}.Release|Any CPU.Build.0 = Release|Any CPU
		{8C961DE6-8041-4679-8F8D-217FFAC97C28}.Debug|Any CPU.ActiveCfg = Debug|Any CPU
		{8C961DE6-8041-4679-8F8D-217FFAC97C28}.Debug|Any CPU.Build.0 = Debug|Any CPU
		{8C961DE6-8041-4679-8F8D-217FFAC97C28}.Release|Any CPU.ActiveCfg = Release|Any CPU
		{8C961DE6-8041-4679-8F8D-217FFAC97C28}.Release|Any CPU.Build.0 = Release|Any CPU
		{659712D6-A114-4CEA-9DD4-00F5C8B0B5D7}.Debug|Any CPU.ActiveCfg = Debug|Any CPU
		{659712D6-A114-4CEA-9DD4-00F5C8B0B5D7}.Debug|Any CPU.Build.0 = Debug|Any CPU
		{659712D6-A114-4CEA-9DD4-00F5C8B0B5D7}.Release|Any CPU.ActiveCfg = Release|Any CPU
		{659712D6-A114-4CEA-9DD4-00F5C8B0B5D7}.Release|Any CPU.Build.0 = Release|Any CPU
		{D2FD2789-4601-4924-8754-83AB390F3450}.Debug|Any CPU.ActiveCfg = Debug|Any CPU
		{D2FD2789-4601-4924-8754-83AB390F3450}.Debug|Any CPU.Build.0 = Debug|Any CPU
		{D2FD2789-4601-4924-8754-83AB390F3450}.Release|Any CPU.ActiveCfg = Release|Any CPU
		{D2FD2789-4601-4924-8754-83AB390F3450}.Release|Any CPU.Build.0 = Release|Any CPU
		{1717E0C1-F26D-4586-9163-CD25CD2ED4F9}.Debug|Any CPU.ActiveCfg = Debug|Any CPU
		{1717E0C1-F26D-4586-9163-CD25CD2ED4F9}.Debug|Any CPU.Build.0 = Debug|Any CPU
		{1717E0C1-F26D-4586-9163-CD25CD2ED4F9}.Release|Any CPU.ActiveCfg = Release|Any CPU
		{1717E0C1-F26D-4586-9163-CD25CD2ED4F9}.Release|Any CPU.Build.0 = Release|Any CPU
		{3E53CFA9-DA45-4C7B-842E-21C528EC0F6B}.Debug|Any CPU.ActiveCfg = Debug|Any CPU
		{3E53CFA9-DA45-4C7B-842E-21C528EC0F6B}.Debug|Any CPU.Build.0 = Debug|Any CPU
		{3E53CFA9-DA45-4C7B-842E-21C528EC0F6B}.Release|Any CPU.ActiveCfg = Release|Any CPU
		{3E53CFA9-DA45-4C7B-842E-21C528EC0F6B}.Release|Any CPU.Build.0 = Release|Any CPU
		{030420F6-E04B-417D-9072-1657A9F88C0B}.Debug|Any CPU.ActiveCfg = Debug|Any CPU
		{030420F6-E04B-417D-9072-1657A9F88C0B}.Debug|Any CPU.Build.0 = Debug|Any CPU
		{030420F6-E04B-417D-9072-1657A9F88C0B}.Release|Any CPU.ActiveCfg = Release|Any CPU
		{030420F6-E04B-417D-9072-1657A9F88C0B}.Release|Any CPU.Build.0 = Release|Any CPU
		{68034119-C26E-4AC5-BAF4-E2512A888B29}.Debug|Any CPU.ActiveCfg = Debug|Any CPU
		{68034119-C26E-4AC5-BAF4-E2512A888B29}.Debug|Any CPU.Build.0 = Debug|Any CPU
		{68034119-C26E-4AC5-BAF4-E2512A888B29}.Release|Any CPU.ActiveCfg = Release|Any CPU
		{68034119-C26E-4AC5-BAF4-E2512A888B29}.Release|Any CPU.Build.0 = Release|Any CPU
		{19FC2F14-2429-47E2-9DDE-D66A854BE450}.Debug|Any CPU.ActiveCfg = Debug|Any CPU
		{19FC2F14-2429-47E2-9DDE-D66A854BE450}.Debug|Any CPU.Build.0 = Debug|Any CPU
		{19FC2F14-2429-47E2-9DDE-D66A854BE450}.Release|Any CPU.ActiveCfg = Release|Any CPU
		{19FC2F14-2429-47E2-9DDE-D66A854BE450}.Release|Any CPU.Build.0 = Release|Any CPU
		{4465C6EC-EF6C-462C-ACC3-5AF8E7CBEE73}.Debug|Any CPU.ActiveCfg = Debug|Any CPU
		{4465C6EC-EF6C-462C-ACC3-5AF8E7CBEE73}.Debug|Any CPU.Build.0 = Debug|Any CPU
		{4465C6EC-EF6C-462C-ACC3-5AF8E7CBEE73}.Release|Any CPU.ActiveCfg = Release|Any CPU
		{4465C6EC-EF6C-462C-ACC3-5AF8E7CBEE73}.Release|Any CPU.Build.0 = Release|Any CPU
		{31892F21-9A75-49DE-B02D-8198903972CF}.Debug|Any CPU.ActiveCfg = Debug|Any CPU
		{31892F21-9A75-49DE-B02D-8198903972CF}.Debug|Any CPU.Build.0 = Debug|Any CPU
		{31892F21-9A75-49DE-B02D-8198903972CF}.Release|Any CPU.ActiveCfg = Release|Any CPU
		{31892F21-9A75-49DE-B02D-8198903972CF}.Release|Any CPU.Build.0 = Release|Any CPU
		{6440CEB4-54CB-4E45-B6BF-B1E1DFD5F917}.Debug|Any CPU.ActiveCfg = Debug|Any CPU
		{6440CEB4-54CB-4E45-B6BF-B1E1DFD5F917}.Debug|Any CPU.Build.0 = Debug|Any CPU
		{6440CEB4-54CB-4E45-B6BF-B1E1DFD5F917}.Release|Any CPU.ActiveCfg = Release|Any CPU
		{6440CEB4-54CB-4E45-B6BF-B1E1DFD5F917}.Release|Any CPU.Build.0 = Release|Any CPU
		{5CEAC452-85BA-4DDF-8CC1-DDB9B59F9D8E}.Debug|Any CPU.ActiveCfg = Debug|Any CPU
		{5CEAC452-85BA-4DDF-8CC1-DDB9B59F9D8E}.Debug|Any CPU.Build.0 = Debug|Any CPU
		{5CEAC452-85BA-4DDF-8CC1-DDB9B59F9D8E}.Release|Any CPU.ActiveCfg = Release|Any CPU
		{5CEAC452-85BA-4DDF-8CC1-DDB9B59F9D8E}.Release|Any CPU.Build.0 = Release|Any CPU
		{63CE9FDE-2127-41F4-9AB7-B034C170EDA2}.Debug|Any CPU.ActiveCfg = Debug|Any CPU
		{63CE9FDE-2127-41F4-9AB7-B034C170EDA2}.Debug|Any CPU.Build.0 = Debug|Any CPU
		{63CE9FDE-2127-41F4-9AB7-B034C170EDA2}.Release|Any CPU.ActiveCfg = Release|Any CPU
		{63CE9FDE-2127-41F4-9AB7-B034C170EDA2}.Release|Any CPU.Build.0 = Release|Any CPU
		{F66C40B6-FE62-4E40-A95A-7844227C8986}.Debug|Any CPU.ActiveCfg = Debug|Any CPU
		{F66C40B6-FE62-4E40-A95A-7844227C8986}.Debug|Any CPU.Build.0 = Debug|Any CPU
		{F66C40B6-FE62-4E40-A95A-7844227C8986}.Release|Any CPU.ActiveCfg = Release|Any CPU
		{F66C40B6-FE62-4E40-A95A-7844227C8986}.Release|Any CPU.Build.0 = Release|Any CPU
		{20643B02-9BEA-4306-89FD-A44FC2994E9F}.Debug|Any CPU.ActiveCfg = Debug|Any CPU
		{20643B02-9BEA-4306-89FD-A44FC2994E9F}.Debug|Any CPU.Build.0 = Debug|Any CPU
		{20643B02-9BEA-4306-89FD-A44FC2994E9F}.Release|Any CPU.ActiveCfg = Release|Any CPU
		{20643B02-9BEA-4306-89FD-A44FC2994E9F}.Release|Any CPU.Build.0 = Release|Any CPU
		{641A3D6C-A569-4C0D-8B45-FA3F27A4D028}.Debug|Any CPU.ActiveCfg = Debug|Any CPU
		{641A3D6C-A569-4C0D-8B45-FA3F27A4D028}.Debug|Any CPU.Build.0 = Debug|Any CPU
		{641A3D6C-A569-4C0D-8B45-FA3F27A4D028}.Release|Any CPU.ActiveCfg = Release|Any CPU
		{641A3D6C-A569-4C0D-8B45-FA3F27A4D028}.Release|Any CPU.Build.0 = Release|Any CPU
		{A6A6AEF8-E840-4C00-BDB6-D7935491A682}.Debug|Any CPU.ActiveCfg = Debug|Any CPU
		{A6A6AEF8-E840-4C00-BDB6-D7935491A682}.Debug|Any CPU.Build.0 = Debug|Any CPU
		{A6A6AEF8-E840-4C00-BDB6-D7935491A682}.Release|Any CPU.ActiveCfg = Release|Any CPU
		{A6A6AEF8-E840-4C00-BDB6-D7935491A682}.Release|Any CPU.Build.0 = Release|Any CPU
		{13D26DAA-0563-482D-8DD6-1AD1CFD8075A}.Debug|Any CPU.ActiveCfg = Debug|Any CPU
		{13D26DAA-0563-482D-8DD6-1AD1CFD8075A}.Debug|Any CPU.Build.0 = Debug|Any CPU
		{13D26DAA-0563-482D-8DD6-1AD1CFD8075A}.Release|Any CPU.ActiveCfg = Release|Any CPU
		{13D26DAA-0563-482D-8DD6-1AD1CFD8075A}.Release|Any CPU.Build.0 = Release|Any CPU
		{B94327EA-7322-4BBF-9A08-70E26CB0B574}.Debug|Any CPU.ActiveCfg = Debug|Any CPU
		{B94327EA-7322-4BBF-9A08-70E26CB0B574}.Debug|Any CPU.Build.0 = Debug|Any CPU
		{B94327EA-7322-4BBF-9A08-70E26CB0B574}.Release|Any CPU.ActiveCfg = Release|Any CPU
		{B94327EA-7322-4BBF-9A08-70E26CB0B574}.Release|Any CPU.Build.0 = Release|Any CPU
	EndGlobalSection
	GlobalSection(SolutionProperties) = preSolution
		HideSolutionNode = FALSE
	EndGlobalSection
	GlobalSection(NestedProjects) = preSolution
		{3AAB33E0-2A4E-4284-8BE3-CEF1B915C415} = {47ACC169-1BD0-4D04-B795-18089ACD070E}
		{7DEC8F5E-409C-48A2-81E7-DBDA26E155CE} = {47ACC169-1BD0-4D04-B795-18089ACD070E}
		{B9ACBA0E-05B6-489B-B4CC-AD754BE98DE7} = {136A4CDF-B7F0-4A89-A07B-46802F4298EB}
		{0B67CFBD-E63A-4ECC-9F9F-D7F3AD39BBBF} = {136A4CDF-B7F0-4A89-A07B-46802F4298EB}
		{5E6332DF-DCE5-461B-B91A-4F96E7F3FC5E} = {8A28160C-064D-47F6-8361-D8A5E5446A58}
		{8C961DE6-8041-4679-8F8D-217FFAC97C28} = {8A28160C-064D-47F6-8361-D8A5E5446A58}
		{659712D6-A114-4CEA-9DD4-00F5C8B0B5D7} = {8A28160C-064D-47F6-8361-D8A5E5446A58}
		{D2FD2789-4601-4924-8754-83AB390F3450} = {9AF21295-CC86-45B2-9668-3A33C535C21E}
		{1717E0C1-F26D-4586-9163-CD25CD2ED4F9} = {47ACC169-1BD0-4D04-B795-18089ACD070E}
		{3E53CFA9-DA45-4C7B-842E-21C528EC0F6B} = {47ACC169-1BD0-4D04-B795-18089ACD070E}
		{030420F6-E04B-417D-9072-1657A9F88C0B} = {47ACC169-1BD0-4D04-B795-18089ACD070E}
		{68034119-C26E-4AC5-BAF4-E2512A888B29} = {6953CEFE-C18D-4FAF-AE03-72A794CAD860}
		{19FC2F14-2429-47E2-9DDE-D66A854BE450} = {136A4CDF-B7F0-4A89-A07B-46802F4298EB}
		{4465C6EC-EF6C-462C-ACC3-5AF8E7CBEE73} = {136A4CDF-B7F0-4A89-A07B-46802F4298EB}
		{31892F21-9A75-49DE-B02D-8198903972CF} = {9AF21295-CC86-45B2-9668-3A33C535C21E}
		{6440CEB4-54CB-4E45-B6BF-B1E1DFD5F917} = {BA8FD232-BAD9-4D1B-933E-D18680E7CE3C}
		{5CEAC452-85BA-4DDF-8CC1-DDB9B59F9D8E} = {BA8FD232-BAD9-4D1B-933E-D18680E7CE3C}
		{63CE9FDE-2127-41F4-9AB7-B034C170EDA2} = {BA8FD232-BAD9-4D1B-933E-D18680E7CE3C}
		{F66C40B6-FE62-4E40-A95A-7844227C8986} = {47ACC169-1BD0-4D04-B795-18089ACD070E}
		{20643B02-9BEA-4306-89FD-A44FC2994E9F} = {47ACC169-1BD0-4D04-B795-18089ACD070E}
		{641A3D6C-A569-4C0D-8B45-FA3F27A4D028} = {47ACC169-1BD0-4D04-B795-18089ACD070E}
		{A6A6AEF8-E840-4C00-BDB6-D7935491A682} = {47ACC169-1BD0-4D04-B795-18089ACD070E}
		{13D26DAA-0563-482D-8DD6-1AD1CFD8075A} = {47ACC169-1BD0-4D04-B795-18089ACD070E}
		{B94327EA-7322-4BBF-9A08-70E26CB0B574} = {8A28160C-064D-47F6-8361-D8A5E5446A58}
	EndGlobalSection
	GlobalSection(ExtensibilityGlobals) = postSolution
		SolutionGuid = {6A2D16C0-C8FD-4A28-BA89-55EC47253D26}
	EndGlobalSection
EndGlobal
